PODS:
  - UINavigationBarDecorator (1.0.5)

DEPENDENCIES:
  - UINavigationBarDecorator (from `../`)

EXTERNAL SOURCES:
  UINavigationBarDecorator:
    :path: "../"

SPEC CHECKSUMS:
  UINavigationBarDecorator: a09aaf81c7aec1a2293b81e62cbfd654e6aad24b

PODFILE CHECKSUM: e69d0e1d31440c59ccc6e4a46a16a38f45d97e83

COCOAPODS: 1.10.1
