PODS:
  - UINavigationBarDecorator (0.1.0)

DEPENDENCIES:
  - UINavigationBarDecorator (from `../`)

EXTERNAL SOURCES:
  UINavigationBarDecorator:
    :path: "../"

SPEC CHECKSUMS:
  UINavigationBarDecorator: 93af468a26306c514b122d76d6efb1b0c90e3e6a

PODFILE CHECKSUM: e69d0e1d31440c59ccc6e4a46a16a38f45d97e83

COCOAPODS: 1.9.2
