PODS:
  - UINavigationBarDecorator (1.0.3)

DEPENDENCIES:
  - UINavigationBarDecorator (from `../`)

EXTERNAL SOURCES:
  UINavigationBarDecorator:
    :path: "../"

SPEC CHECKSUMS:
  UINavigationBarDecorator: a67deb06462d44648042442c88c684bf89bd1ca9

PODFILE CHECKSUM: e69d0e1d31440c59ccc6e4a46a16a38f45d97e83

COCOAPODS: 1.9.3
